
Microsoft Visual Studio Solution File, Format Version 12.00
# Visual Studio Version 17
VisualStudioVersion = 17.8.34525.116
MinimumVisualStudioVersion = 10.0.40219.1
Project("{FAE04EC0-301F-11D3-BF4B-00C04F79EFBC}") = "ViewWinForms", "ViewWinForms\ViewWinForms.csproj", "{14DFA035-8F4B-4E53-A811-D6F22B7BD57D}"
EndProject
Project("{FAE04EC0-301F-11D3-BF4B-00C04F79EFBC}") = "BusinessLogic", "BusinessLogic\BusinessLogic.csproj", "{625CC3E6-068F-4956-BA3A-CFC083BA5DA8}"
EndProject
Project("{FAE04EC0-301F-11D3-BF4B-00C04F79EFBC}") = "Model", "Model\Model.csproj", "{16168AD2-B3EC-438F-B993-AC0B7CD6E752}"
EndProject
Project("{FAE04EC0-301F-11D3-BF4B-00C04F79EFBC}") = "ViewConsole", "ViewConsole\ViewConsole.csproj", "{D3157216-240B-421F-8967-1C3703AC3C98}"
EndProject
Project("{FAE04EC0-301F-11D3-BF4B-00C04F79EFBC}") = "DataAccessLayer", "DataAccessLayer\DataAccessLayer.csproj", "{766AAB8A-C88D-4815-A9D8-E23050626FAE}"
EndProject
Global
	GlobalSection(SolutionConfigurationPlatforms) = preSolution
		Debug|Any CPU = Debug|Any CPU
		Release|Any CPU = Release|Any CPU
	EndGlobalSection
	GlobalSection(ProjectConfigurationPlatforms) = postSolution
		{14DFA035-8F4B-4E53-A811-D6F22B7BD57D}.Debug|Any CPU.ActiveCfg = Debug|Any CPU
		{14DFA035-8F4B-4E53-A811-D6F22B7BD57D}.Debug|Any CPU.Build.0 = Debug|Any CPU
		{14DFA035-8F4B-4E53-A811-D6F22B7BD57D}.Release|Any CPU.ActiveCfg = Release|Any CPU
		{14DFA035-8F4B-4E53-A811-D6F22B7BD57D}.Release|Any CPU.Build.0 = Release|Any CPU
		{625CC3E6-068F-4956-BA3A-CFC083BA5DA8}.Debug|Any CPU.ActiveCfg = Debug|Any CPU
		{625CC3E6-068F-4956-BA3A-CFC083BA5DA8}.Debug|Any CPU.Build.0 = Debug|Any CPU
		{625CC3E6-068F-4956-BA3A-CFC083BA5DA8}.Release|Any CPU.ActiveCfg = Release|Any CPU
		{625CC3E6-068F-4956-BA3A-CFC083BA5DA8}.Release|Any CPU.Build.0 = Release|Any CPU
		{16168AD2-B3EC-438F-B993-AC0B7CD6E752}.Debug|Any CPU.ActiveCfg = Debug|Any CPU
		{16168AD2-B3EC-438F-B993-AC0B7CD6E752}.Debug|Any CPU.Build.0 = Debug|Any CPU
		{16168AD2-B3EC-438F-B993-AC0B7CD6E752}.Release|Any CPU.ActiveCfg = Release|Any CPU
		{16168AD2-B3EC-438F-B993-AC0B7CD6E752}.Release|Any CPU.Build.0 = Release|Any CPU
		{D3157216-240B-421F-8967-1C3703AC3C98}.Debug|Any CPU.ActiveCfg = Debug|Any CPU
		{D3157216-240B-421F-8967-1C3703AC3C98}.Debug|Any CPU.Build.0 = Debug|Any CPU
		{D3157216-240B-421F-8967-1C3703AC3C98}.Release|Any CPU.ActiveCfg = Release|Any CPU
		{D3157216-240B-421F-8967-1C3703AC3C98}.Release|Any CPU.Build.0 = Release|Any CPU
		{766AAB8A-C88D-4815-A9D8-E23050626FAE}.Debug|Any CPU.ActiveCfg = Debug|Any CPU
		{766AAB8A-C88D-4815-A9D8-E23050626FAE}.Debug|Any CPU.Build.0 = Debug|Any CPU
		{766AAB8A-C88D-4815-A9D8-E23050626FAE}.Release|Any CPU.ActiveCfg = Release|Any CPU
		{766AAB8A-C88D-4815-A9D8-E23050626FAE}.Release|Any CPU.Build.0 = Release|Any CPU
	EndGlobalSection
	GlobalSection(SolutionProperties) = preSolution
		HideSolutionNode = FALSE
	EndGlobalSection
	GlobalSection(ExtensibilityGlobals) = postSolution
		SolutionGuid = {44D1EDD3-2FD5-4642-9A48-D83F7FB88F9C}
	EndGlobalSection
EndGlobal
